
Microsoft Visual Studio Solution File, Format Version 12.00
# Visual Studio Version 17
VisualStudioVersion = 17.8.34330.188
MinimumVisualStudioVersion = 10.0.40219.1
Project("{FAE04EC0-301F-11D3-BF4B-00C04F79EFBC}") = "EmployeeManagement", "EmployeeManagement.csproj", "{FBF81B4A-53D8-4300-AEFF-FF817C057F32}"
EndProject
Global
	GlobalSection(SolutionConfigurationPlatforms) = preSolution
		Debug|Any CPU = Debug|Any CPU
		Release|Any CPU = Release|Any CPU
	EndGlobalSection
	GlobalSection(ProjectConfigurationPlatforms) = postSolution
		{FBF81B4A-53D8-4300-AEFF-FF817C057F32}.Debug|Any CPU.ActiveCfg = Debug|Any CPU
		{FBF81B4A-53D8-4300-AEFF-FF817C057F32}.Debug|Any CPU.Build.0 = Debug|Any CPU
		{FBF81B4A-53D8-4300-AEFF-FF817C057F32}.Release|Any CPU.ActiveCfg = Release|Any CPU
		{FBF81B4A-53D8-4300-AEFF-FF817C057F32}.Release|Any CPU.Build.0 = Release|Any CPU
	EndGlobalSection
	GlobalSection(SolutionProperties) = preSolution
		HideSolutionNode = FALSE
	EndGlobalSection
	GlobalSection(ExtensibilityGlobals) = postSolution
		SolutionGuid = {962AFCC9-2961-4D85-9DA9-F629B4038B2F}
	EndGlobalSection
EndGlobal
